// !$*UTF8*$!
{
	archiveVersion = 1;
	classes = {
	};
	objectVersion = 50;
	objects = {

/* Begin PBXBuildFile section */
		003101542328A4D600497DBE /* ManagerShader.cpp in Sources */ = {isa = PBXBuildFile; fileRef = 003101522328A4D600497DBE /* ManagerShader.cpp */; };
		0050151722E2F85400D9A4D8 /* main.cpp in Sources */ = {isa = PBXBuildFile; fileRef = 0050151622E2F85400D9A4D8 /* main.cpp */; };
		0050151F22E2F86C00D9A4D8 /* OpenGL.framework in Frameworks */ = {isa = PBXBuildFile; fileRef = 0050151E22E2F86C00D9A4D8 /* OpenGL.framework */; };
		0050152122E2F8AE00D9A4D8 /* libGLEW.2.1.0.dylib in Frameworks */ = {isa = PBXBuildFile; fileRef = 0050152022E2F8AE00D9A4D8 /* libGLEW.2.1.0.dylib */; };
		0050152622FEA23100D9A4D8 /* InfoClass.cpp in Sources */ = {isa = PBXBuildFile; fileRef = 0050152422FEA23100D9A4D8 /* InfoClass.cpp */; };
		005015352311335C00D9A4D8 /* glad.c in Sources */ = {isa = PBXBuildFile; fileRef = 005015342311335C00D9A4D8 /* glad.c */; };
		005015372312653D00D9A4D8 /* Cocoa.framework in Frameworks */ = {isa = PBXBuildFile; fileRef = 005015362312653D00D9A4D8 /* Cocoa.framework */; };
		005015392312654C00D9A4D8 /* GLUT.framework in Frameworks */ = {isa = PBXBuildFile; fileRef = 005015382312654C00D9A4D8 /* GLUT.framework */; };
		0050153B2312655B00D9A4D8 /* CoreVideo.framework in Frameworks */ = {isa = PBXBuildFile; fileRef = 0050153A2312655B00D9A4D8 /* CoreVideo.framework */; };
		0050153D2312656600D9A4D8 /* IOKit.framework in Frameworks */ = {isa = PBXBuildFile; fileRef = 0050153C2312656600D9A4D8 /* IOKit.framework */; };
		0050153F2312659800D9A4D8 /* libglfw3.a in Frameworks */ = {isa = PBXBuildFile; fileRef = 0050153E2312659800D9A4D8 /* libglfw3.a */; };
		0050158A231265CE00D9A4D8 /* libGLEW.a in Frameworks */ = {isa = PBXBuildFile; fileRef = 00501589231265CE00D9A4D8 /* libGLEW.a */; };
		0050158C2312667100D9A4D8 /* libglfw.3.dylib in Frameworks */ = {isa = PBXBuildFile; fileRef = 0050158B2312667100D9A4D8 /* libglfw.3.dylib */; };
/* End PBXBuildFile section */

/* Begin PBXCopyFilesBuildPhase section */
		0050151122E2F85400D9A4D8 /* CopyFiles */ = {
			isa = PBXCopyFilesBuildPhase;
			buildActionMask = 2147483647;
			dstPath = /usr/share/man/man1/;
			dstSubfolderSpec = 0;
			files = (
			);
			runOnlyForDeploymentPostprocessing = 1;
		};
/* End PBXCopyFilesBuildPhase section */

/* Begin PBXFileReference section */
		003101522328A4D600497DBE /* ManagerShader.cpp */ = {isa = PBXFileReference; lastKnownFileType = sourcecode.cpp.cpp; path = ManagerShader.cpp; sourceTree = "<group>"; };
		003101532328A4D600497DBE /* ManagerShader.hpp */ = {isa = PBXFileReference; lastKnownFileType = sourcecode.cpp.h; path = ManagerShader.hpp; sourceTree = "<group>"; };
		0031015523374F9000497DBE /* fragment.glsl */ = {isa = PBXFileReference; lastKnownFileType = text; path = fragment.glsl; sourceTree = "<group>"; };
		0031015623374F9000497DBE /* vertex.glsl */ = {isa = PBXFileReference; lastKnownFileType = text; path = vertex.glsl; sourceTree = "<group>"; };
		0050151322E2F85400D9A4D8 /* OpenGL_Project */ = {isa = PBXFileReference; explicitFileType = "compiled.mach-o.executable"; includeInIndex = 0; path = OpenGL_Project; sourceTree = BUILT_PRODUCTS_DIR; };
		0050151622E2F85400D9A4D8 /* main.cpp */ = {isa = PBXFileReference; lastKnownFileType = sourcecode.cpp.cpp; path = main.cpp; sourceTree = "<group>"; };
		0050151E22E2F86C00D9A4D8 /* OpenGL.framework */ = {isa = PBXFileReference; lastKnownFileType = wrapper.framework; name = OpenGL.framework; path = System/Library/Frameworks/OpenGL.framework; sourceTree = SDKROOT; };
		0050152022E2F8AE00D9A4D8 /* libGLEW.2.1.0.dylib */ = {isa = PBXFileReference; lastKnownFileType = "compiled.mach-o.dylib"; name = libGLEW.2.1.0.dylib; path = ../../../../../usr/local/lib/libGLEW.2.1.0.dylib; sourceTree = "<group>"; };
		0050152422FEA23100D9A4D8 /* InfoClass.cpp */ = {isa = PBXFileReference; lastKnownFileType = sourcecode.cpp.cpp; path = InfoClass.cpp; sourceTree = "<group>"; };
		0050152522FEA23100D9A4D8 /* InfoClass.h */ = {isa = PBXFileReference; lastKnownFileType = sourcecode.c.h; path = InfoClass.h; sourceTree = "<group>"; };
		005015342311335C00D9A4D8 /* glad.c */ = {isa = PBXFileReference; fileEncoding = 4; lastKnownFileType = sourcecode.c.c; path = glad.c; sourceTree = "<group>"; };
		005015362312653D00D9A4D8 /* Cocoa.framework */ = {isa = PBXFileReference; lastKnownFileType = wrapper.framework; name = Cocoa.framework; path = System/Library/Frameworks/Cocoa.framework; sourceTree = SDKROOT; };
		005015382312654C00D9A4D8 /* GLUT.framework */ = {isa = PBXFileReference; lastKnownFileType = wrapper.framework; name = GLUT.framework; path = System/Library/Frameworks/GLUT.framework; sourceTree = SDKROOT; };
		0050153A2312655B00D9A4D8 /* CoreVideo.framework */ = {isa = PBXFileReference; lastKnownFileType = wrapper.framework; name = CoreVideo.framework; path = System/Library/Frameworks/CoreVideo.framework; sourceTree = SDKROOT; };
		0050153C2312656600D9A4D8 /* IOKit.framework */ = {isa = PBXFileReference; lastKnownFileType = wrapper.framework; name = IOKit.framework; path = System/Library/Frameworks/IOKit.framework; sourceTree = SDKROOT; };
		0050153E2312659800D9A4D8 /* libglfw3.a */ = {isa = PBXFileReference; lastKnownFileType = archive.ar; name = libglfw3.a; path = ../../../../../usr/local/lib/libglfw3.a; sourceTree = "<group>"; };
		00501589231265CE00D9A4D8 /* libGLEW.a */ = {isa = PBXFileReference; lastKnownFileType = archive.ar; name = libGLEW.a; path = ../../../../../usr/local/lib/libGLEW.a; sourceTree = "<group>"; };
		0050158B2312667100D9A4D8 /* libglfw.3.dylib */ = {isa = PBXFileReference; lastKnownFileType = "compiled.mach-o.dylib"; name = libglfw.3.dylib; path = ../../../../../usr/local/lib/libglfw.3.dylib; sourceTree = "<group>"; };
/* End PBXFileReference section */

/* Begin PBXFrameworksBuildPhase section */
		0050151022E2F85400D9A4D8 /* Frameworks */ = {
			isa = PBXFrameworksBuildPhase;
			buildActionMask = 2147483647;
			files = (
				0050158C2312667100D9A4D8 /* libglfw.3.dylib in Frameworks */,
				0050158A231265CE00D9A4D8 /* libGLEW.a in Frameworks */,
				0050153F2312659800D9A4D8 /* libglfw3.a in Frameworks */,
				0050153D2312656600D9A4D8 /* IOKit.framework in Frameworks */,
				0050153B2312655B00D9A4D8 /* CoreVideo.framework in Frameworks */,
				005015392312654C00D9A4D8 /* GLUT.framework in Frameworks */,
				005015372312653D00D9A4D8 /* Cocoa.framework in Frameworks */,
				0050152122E2F8AE00D9A4D8 /* libGLEW.2.1.0.dylib in Frameworks */,
				0050151F22E2F86C00D9A4D8 /* OpenGL.framework in Frameworks */,
			);
			runOnlyForDeploymentPostprocessing = 0;
		};
/* End PBXFrameworksBuildPhase section */

/* Begin PBXGroup section */
		0050150A22E2F85400D9A4D8 = {
			isa = PBXGroup;
			children = (
				0050152722FF0B2C00D9A4D8 /* GLSL */,
				0050151522E2F85400D9A4D8 /* OpenGL_Project */,
				0050151422E2F85400D9A4D8 /* Products */,
				0050151D22E2F86C00D9A4D8 /* Frameworks */,
			);
			sourceTree = "<group>";
		};
		0050151422E2F85400D9A4D8 /* Products */ = {
			isa = PBXGroup;
			children = (
				0050151322E2F85400D9A4D8 /* OpenGL_Project */,
			);
			name = Products;
			sourceTree = "<group>";
		};
		0050151522E2F85400D9A4D8 /* OpenGL_Project */ = {
			isa = PBXGroup;
			children = (
				005015342311335C00D9A4D8 /* glad.c */,
				0050151622E2F85400D9A4D8 /* main.cpp */,
				0050152422FEA23100D9A4D8 /* InfoClass.cpp */,
				0050152522FEA23100D9A4D8 /* InfoClass.h */,
				003101522328A4D600497DBE /* ManagerShader.cpp */,
				003101532328A4D600497DBE /* ManagerShader.hpp */,
			);
			path = OpenGL_Project;
			sourceTree = "<group>";
		};
		0050151D22E2F86C00D9A4D8 /* Frameworks */ = {
			isa = PBXGroup;
			children = (
				0050158B2312667100D9A4D8 /* libglfw.3.dylib */,
				00501589231265CE00D9A4D8 /* libGLEW.a */,
				0050153E2312659800D9A4D8 /* libglfw3.a */,
				0050153C2312656600D9A4D8 /* IOKit.framework */,
				0050153A2312655B00D9A4D8 /* CoreVideo.framework */,
				005015382312654C00D9A4D8 /* GLUT.framework */,
				005015362312653D00D9A4D8 /* Cocoa.framework */,
				0050152022E2F8AE00D9A4D8 /* libGLEW.2.1.0.dylib */,
				0050151E22E2F86C00D9A4D8 /* OpenGL.framework */,
			);
			name = Frameworks;
			sourceTree = "<group>";
		};
		0050152722FF0B2C00D9A4D8 /* GLSL */ = {
			isa = PBXGroup;
			children = (
				0031015523374F9000497DBE /* fragment.glsl */,
				0031015623374F9000497DBE /* vertex.glsl */,
			);
			path = GLSL;
			sourceTree = "<group>";
		};
/* End PBXGroup section */

/* Begin PBXNativeTarget section */
		0050151222E2F85400D9A4D8 /* OpenGL_Project */ = {
			isa = PBXNativeTarget;
			buildConfigurationList = 0050151A22E2F85400D9A4D8 /* Build configuration list for PBXNativeTarget "OpenGL_Project" */;
			buildPhases = (
				0050150F22E2F85400D9A4D8 /* Sources */,
				0050151022E2F85400D9A4D8 /* Frameworks */,
				0050151122E2F85400D9A4D8 /* CopyFiles */,
			);
			buildRules = (
			);
			dependencies = (
			);
			name = OpenGL_Project;
			productName = OpenGL_Project;
			productReference = 0050151322E2F85400D9A4D8 /* OpenGL_Project */;
			productType = "com.apple.product-type.tool";
		};
/* End PBXNativeTarget section */

/* Begin PBXProject section */
		0050150B22E2F85400D9A4D8 /* Project object */ = {
			isa = PBXProject;
			attributes = {
				LastUpgradeCheck = 1020;
				ORGANIZATIONNAME = DangYu;
				TargetAttributes = {
					0050151222E2F85400D9A4D8 = {
						CreatedOnToolsVersion = 10.2.1;
					};
				};
			};
			buildConfigurationList = 0050150E22E2F85400D9A4D8 /* Build configuration list for PBXProject "OpenGL_Project" */;
			compatibilityVersion = "Xcode 9.3";
			developmentRegion = en;
			hasScannedForEncodings = 0;
			knownRegions = (
				en,
			);
			mainGroup = 0050150A22E2F85400D9A4D8;
			productRefGroup = 0050151422E2F85400D9A4D8 /* Products */;
			projectDirPath = "";
			projectRoot = "";
			targets = (
				0050151222E2F85400D9A4D8 /* OpenGL_Project */,
			);
		};
/* End PBXProject section */

/* Begin PBXSourcesBuildPhase section */
		0050150F22E2F85400D9A4D8 /* Sources */ = {
			isa = PBXSourcesBuildPhase;
			buildActionMask = 2147483647;
			files = (
				005015352311335C00D9A4D8 /* glad.c in Sources */,
				0050152622FEA23100D9A4D8 /* InfoClass.cpp in Sources */,
				0050151722E2F85400D9A4D8 /* main.cpp in Sources */,
				003101542328A4D600497DBE /* ManagerShader.cpp in Sources */,
			);
			runOnlyForDeploymentPostprocessing = 0;
		};
/* End PBXSourcesBuildPhase section */

/* Begin XCBuildConfiguration section */
		0050151822E2F85400D9A4D8 /* Debug */ = {
			isa = XCBuildConfiguration;
			buildSettings = {
				ALWAYS_SEARCH_USER_PATHS = NO;
				CLANG_ANALYZER_NONNULL = YES;
				CLANG_ANALYZER_NUMBER_OBJECT_CONVERSION = YES_AGGRESSIVE;
				CLANG_CXX_LANGUAGE_STANDARD = "gnu++14";
				CLANG_CXX_LIBRARY = "libc++";
				CLANG_ENABLE_MODULES = YES;
				CLANG_ENABLE_OBJC_ARC = YES;
				CLANG_ENABLE_OBJC_WEAK = YES;
				CLANG_WARN_BLOCK_CAPTURE_AUTORELEASING = YES;
				CLANG_WARN_BOOL_CONVERSION = YES;
				CLANG_WARN_COMMA = YES;
				CLANG_WARN_CONSTANT_CONVERSION = YES;
				CLANG_WARN_DEPRECATED_OBJC_IMPLEMENTATIONS = YES;
				CLANG_WARN_DIRECT_OBJC_ISA_USAGE = YES_ERROR;
				CLANG_WARN_DOCUMENTATION_COMMENTS = YES;
				CLANG_WARN_EMPTY_BODY = YES;
				CLANG_WARN_ENUM_CONVERSION = YES;
				CLANG_WARN_INFINITE_RECURSION = YES;
				CLANG_WARN_INT_CONVERSION = YES;
				CLANG_WARN_NON_LITERAL_NULL_CONVERSION = YES;
				CLANG_WARN_OBJC_IMPLICIT_RETAIN_SELF = YES;
				CLANG_WARN_OBJC_LITERAL_CONVERSION = YES;
				CLANG_WARN_OBJC_ROOT_CLASS = YES_ERROR;
				CLANG_WARN_RANGE_LOOP_ANALYSIS = YES;
				CLANG_WARN_STRICT_PROTOTYPES = YES;
				CLANG_WARN_SUSPICIOUS_MOVE = YES;
				CLANG_WARN_UNGUARDED_AVAILABILITY = YES_AGGRESSIVE;
				CLANG_WARN_UNREACHABLE_CODE = YES;
				CLANG_WARN__DUPLICATE_METHOD_MATCH = YES;
				CODE_SIGN_IDENTITY = "-";
				COPY_PHASE_STRIP = NO;
				DEBUG_INFORMATION_FORMAT = dwarf;
				ENABLE_STRICT_OBJC_MSGSEND = YES;
				ENABLE_TESTABILITY = YES;
				GCC_C_LANGUAGE_STANDARD = gnu11;
				GCC_DYNAMIC_NO_PIC = NO;
				GCC_NO_COMMON_BLOCKS = YES;
				GCC_OPTIMIZATION_LEVEL = 0;
				GCC_PREPROCESSOR_DEFINITIONS = (
					"DEBUG=1",
					"$(inherited)",
				);
				GCC_WARN_64_TO_32_BIT_CONVERSION = YES;
				GCC_WARN_ABOUT_RETURN_TYPE = YES_ERROR;
				GCC_WARN_UNDECLARED_SELECTOR = YES;
				GCC_WARN_UNINITIALIZED_AUTOS = YES_AGGRESSIVE;
				GCC_WARN_UNUSED_FUNCTION = YES;
				GCC_WARN_UNUSED_VARIABLE = YES;
				MACOSX_DEPLOYMENT_TARGET = 10.14;
				MTL_ENABLE_DEBUG_INFO = INCLUDE_SOURCE;
				MTL_FAST_MATH = YES;
				ONLY_ACTIVE_ARCH = YES;
				SDKROOT = macosx;
			};
			name = Debug;
		};
		0050151922E2F85400D9A4D8 /* Release */ = {
			isa = XCBuildConfiguration;
			buildSettings = {
				ALWAYS_SEARCH_USER_PATHS = NO;
				CLANG_ANALYZER_NONNULL = YES;
				CLANG_ANALYZER_NUMBER_OBJECT_CONVERSION = YES_AGGRESSIVE;
				CLANG_CXX_LANGUAGE_STANDARD = "gnu++14";
				CLANG_CXX_LIBRARY = "libc++";
				CLANG_ENABLE_MODULES = YES;
				CLANG_ENABLE_OBJC_ARC = YES;
				CLANG_ENABLE_OBJC_WEAK = YES;
				CLANG_WARN_BLOCK_CAPTURE_AUTORELEASING = YES;
				CLANG_WARN_BOOL_CONVERSION = YES;
				CLANG_WARN_COMMA = YES;
				CLANG_WARN_CONSTANT_CONVERSION = YES;
				CLANG_WARN_DEPRECATED_OBJC_IMPLEMENTATIONS = YES;
				CLANG_WARN_DIRECT_OBJC_ISA_USAGE = YES_ERROR;
				CLANG_WARN_DOCUMENTATION_COMMENTS = YES;
				CLANG_WARN_EMPTY_BODY = YES;
				CLANG_WARN_ENUM_CONVERSION = YES;
				CLANG_WARN_INFINITE_RECURSION = YES;
				CLANG_WARN_INT_CONVERSION = YES;
				CLANG_WARN_NON_LITERAL_NULL_CONVERSION = YES;
				CLANG_WARN_OBJC_IMPLICIT_RETAIN_SELF = YES;
				CLANG_WARN_OBJC_LITERAL_CONVERSION = YES;
				CLANG_WARN_OBJC_ROOT_CLASS = YES_ERROR;
				CLANG_WARN_RANGE_LOOP_ANALYSIS = YES;
				CLANG_WARN_STRICT_PROTOTYPES = YES;
				CLANG_WARN_SUSPICIOUS_MOVE = YES;
				CLANG_WARN_UNGUARDED_AVAILABILITY = YES_AGGRESSIVE;
				CLANG_WARN_UNREACHABLE_CODE = YES;
				CLANG_WARN__DUPLICATE_METHOD_MATCH = YES;
				CODE_SIGN_IDENTITY = "-";
				COPY_PHASE_STRIP = NO;
				DEBUG_INFORMATION_FORMAT = "dwarf-with-dsym";
				ENABLE_NS_ASSERTIONS = NO;
				ENABLE_STRICT_OBJC_MSGSEND = YES;
				GCC_C_LANGUAGE_STANDARD = gnu11;
				GCC_NO_COMMON_BLOCKS = YES;
				GCC_WARN_64_TO_32_BIT_CONVERSION = YES;
				GCC_WARN_ABOUT_RETURN_TYPE = YES_ERROR;
				GCC_WARN_UNDECLARED_SELECTOR = YES;
				GCC_WARN_UNINITIALIZED_AUTOS = YES_AGGRESSIVE;
				GCC_WARN_UNUSED_FUNCTION = YES;
				GCC_WARN_UNUSED_VARIABLE = YES;
				MACOSX_DEPLOYMENT_TARGET = 10.14;
				MTL_ENABLE_DEBUG_INFO = NO;
				MTL_FAST_MATH = YES;
				SDKROOT = macosx;
			};
			name = Release;
		};
		0050151B22E2F85400D9A4D8 /* Debug */ = {
			isa = XCBuildConfiguration;
			buildSettings = {
				ALWAYS_SEARCH_USER_PATHS = YES;
				CLANG_ENABLE_MODULES = NO;
				CODE_SIGN_STYLE = Automatic;
				HEADER_SEARCH_PATHS = "/usr/local/include/**";
				LIBRARY_SEARCH_PATHS = "/usr/local/lib/**";
				PRODUCT_NAME = "$(TARGET_NAME)";
			};
			name = Debug;
		};
		0050151C22E2F85400D9A4D8 /* Release */ = {
			isa = XCBuildConfiguration;
			buildSettings = {
				ALWAYS_SEARCH_USER_PATHS = YES;
				CLANG_ENABLE_MODULES = NO;
				CODE_SIGN_STYLE = Automatic;
				HEADER_SEARCH_PATHS = "/usr/local/include/**";
				LIBRARY_SEARCH_PATHS = "/usr/local/lib/**";
				PRODUCT_NAME = "$(TARGET_NAME)";
			};
			name = Release;
		};
/* End XCBuildConfiguration section */

/* Begin XCConfigurationList section */
		0050150E22E2F85400D9A4D8 /* Build configuration list for PBXProject "OpenGL_Project" */ = {
			isa = XCConfigurationList;
			buildConfigurations = (
				0050151822E2F85400D9A4D8 /* Debug */,
				0050151922E2F85400D9A4D8 /* Release */,
			);
			defaultConfigurationIsVisible = 0;
			defaultConfigurationName = Release;
		};
		0050151A22E2F85400D9A4D8 /* Build configuration list for PBXNativeTarget "OpenGL_Project" */ = {
			isa = XCConfigurationList;
			buildConfigurations = (
				0050151B22E2F85400D9A4D8 /* Debug */,
				0050151C22E2F85400D9A4D8 /* Release */,
			);
			defaultConfigurationIsVisible = 0;
			defaultConfigurationName = Release;
		};
/* End XCConfigurationList section */
	};
	rootObject = 0050150B22E2F85400D9A4D8 /* Project object */;
}
